
Microsoft Visual Studio Solution File, Format Version 12.00
# Visual Studio Version 17
VisualStudioVersion = 17.5.33502.453
MinimumVisualStudioVersion = 10.0.40219.1
Project("{FAE04EC0-301F-11D3-BF4B-00C04F79EFBC}") = "UserInterfaceWPF", "UserInterfaceWPF.csproj", "{171B9A4D-B4CD-4DD8-B9A2-485202F4704D}"
EndProject
Global
	GlobalSection(SolutionConfigurationPlatforms) = preSolution
		Debug|Any CPU = Debug|Any CPU
		Release|Any CPU = Release|Any CPU
	EndGlobalSection
	GlobalSection(ProjectConfigurationPlatforms) = postSolution
		{171B9A4D-B4CD-4DD8-B9A2-485202F4704D}.Debug|Any CPU.ActiveCfg = Debug|Any CPU
		{171B9A4D-B4CD-4DD8-B9A2-485202F4704D}.Debug|Any CPU.Build.0 = Debug|Any CPU
		{171B9A4D-B4CD-4DD8-B9A2-485202F4704D}.Release|Any CPU.ActiveCfg = Release|Any CPU
		{171B9A4D-B4CD-4DD8-B9A2-485202F4704D}.Release|Any CPU.Build.0 = Release|Any CPU
	EndGlobalSection
	GlobalSection(SolutionProperties) = preSolution
		HideSolutionNode = FALSE
	EndGlobalSection
	GlobalSection(ExtensibilityGlobals) = postSolution
		SolutionGuid = {E1936B20-B55F-4316-AB88-135F343C3090}
	EndGlobalSection
EndGlobal
